
Microsoft Visual Studio Solution File, Format Version 12.00
Project("{FAE04EC0-301F-11D3-BF4B-00C04F79EFBC}") = "DemoSentryApp", "DemoSentryApp\DemoSentryApp.csproj", "{9AC23B45-CFD5-4121-BFA2-7CCE37B1652C}"
EndProject
Global
	GlobalSection(SolutionConfigurationPlatforms) = preSolution
		Debug|Any CPU = Debug|Any CPU
		Release|Any CPU = Release|Any CPU
	EndGlobalSection
	GlobalSection(ProjectConfigurationPlatforms) = postSolution
		{9AC23B45-CFD5-4121-BFA2-7CCE37B1652C}.Debug|Any CPU.ActiveCfg = Debug|Any CPU
		{9AC23B45-CFD5-4121-BFA2-7CCE37B1652C}.Debug|Any CPU.Build.0 = Debug|Any CPU
		{9AC23B45-CFD5-4121-BFA2-7CCE37B1652C}.Release|Any CPU.ActiveCfg = Release|Any CPU
		{9AC23B45-CFD5-4121-BFA2-7CCE37B1652C}.Release|Any CPU.Build.0 = Release|Any CPU
	EndGlobalSection
EndGlobal
